{
  "version": 4,
  "terraform_version": "1.9.5",
  "serial": 22,
  "lineage": "ffbf316d-1312-ef7a-9391-c7694d72bb70",
  "outputs": {},
  "resources": [
    {
      "mode": "managed",
      "type": "github_repository",
      "name": "repo1",
      "provider": "provider[\"registry.terraform.io/hashicorp/github\"]",
      "instances": [
        {
          "schema_version": 1,
          "attributes": {
            "allow_auto_merge": false,
            "allow_merge_commit": true,
            "allow_rebase_merge": true,
            "allow_squash_merge": true,
            "allow_update_branch": false,
            "archive_on_destroy": null,
            "archived": false,
            "auto_init": null,
            "default_branch": "main",
            "delete_branch_on_merge": false,
            "description": "This repo was created using Terraform",
            "etag": "W/\"0f0c3186593d2e96d785bee62e4fc0d410b413fe3f1ff5137f4828ff0359d630\"",
            "full_name": "chaitanyagss/Test_Repo",
            "git_clone_url": "git://github.com/chaitanyagss/Test_Repo.git",
            "gitignore_template": null,
            "has_discussions": false,
            "has_downloads": false,
            "has_issues": false,
            "has_projects": false,
            "has_wiki": false,
            "homepage_url": "",
            "html_url": "https://github.com/chaitanyagss/Test_Repo",
            "http_clone_url": "https://github.com/chaitanyagss/Test_Repo.git",
            "id": "Test_Repo",
            "ignore_vulnerability_alerts_during_read": null,
            "is_template": false,
            "license_template": null,
            "merge_commit_message": "PR_TITLE",
            "merge_commit_title": "MERGE_MESSAGE",
            "name": "Test_Repo",
            "node_id": "R_kgDOMrF03g",
            "pages": [],
            "primary_language": "",
            "private": false,
            "repo_id": 850490590,
            "security_and_analysis": [
              {
                "advanced_security": [],
                "secret_scanning": [
                  {
                    "status": "enabled"
                  }
                ],
                "secret_scanning_push_protection": [
                  {
                    "status": "enabled"
                  }
                ]
              }
            ],
            "squash_merge_commit_message": "COMMIT_MESSAGES",
            "squash_merge_commit_title": "COMMIT_OR_PR_TITLE",
            "ssh_clone_url": "git@github.com:chaitanyagss/Test_Repo.git",
            "svn_url": "https://github.com/chaitanyagss/Test_Repo",
            "template": [],
            "topics": [],
            "visibility": "public",
            "vulnerability_alerts": false,
            "web_commit_signoff_required": false
          },
          "sensitive_attributes": [],
          "private": "eyJzY2hlbWFfdmVyc2lvbiI6IjEifQ=="
        }
      ]
    }
  ],
  "check_results": null
}
